// !$*UTF8*$!
{
	archiveVersion = 1;
	classes = {
	};
	objectVersion = 77;
	objects = {

/* Begin PBXContainerItemProxy section */
		911CC2042CEA8F5F001E195B /* PBXContainerItemProxy */ = {
			isa = PBXContainerItemProxy;
			containerPortal = 911CC1E92CEA8F5E001E195B /* Project object */;
			proxyType = 1;
			remoteGlobalIDString = 911CC1F02CEA8F5E001E195B;
			remoteInfo = "lets-budget-it-testing-branch";
		};
		911CC20E2CEA8F5F001E195B /* PBXContainerItemProxy */ = {
			isa = PBXContainerItemProxy;
			containerPortal = 911CC1E92CEA8F5E001E195B /* Project object */;
			proxyType = 1;
			remoteGlobalIDString = 911CC1F02CEA8F5E001E195B;
			remoteInfo = "lets-budget-it-testing-branch";
		};
/* End PBXContainerItemProxy section */

/* Begin PBXFileReference section */
		911CC1F12CEA8F5E001E195B /* lets-budget-it-testing-branch.app */ = {isa = PBXFileReference; explicitFileType = wrapper.application; includeInIndex = 0; path = "lets-budget-it-testing-branch.app"; sourceTree = BUILT_PRODUCTS_DIR; };
		911CC2032CEA8F5F001E195B /* lets-budget-it-testing-branchTests.xctest */ = {isa = PBXFileReference; explicitFileType = wrapper.cfbundle; includeInIndex = 0; path = "lets-budget-it-testing-branchTests.xctest"; sourceTree = BUILT_PRODUCTS_DIR; };
		911CC20D2CEA8F5F001E195B /* lets-budget-it-testing-branchUITests.xctest */ = {isa = PBXFileReference; explicitFileType = wrapper.cfbundle; includeInIndex = 0; path = "lets-budget-it-testing-branchUITests.xctest"; sourceTree = BUILT_PRODUCTS_DIR; };
/* End PBXFileReference section */

/* Begin PBXFileSystemSynchronizedRootGroup section */
		911CC1F32CEA8F5E001E195B /* lets-budget-it-testing-branch */ = {
			isa = PBXFileSystemSynchronizedRootGroup;
			path = "lets-budget-it-testing-branch";
			sourceTree = "<group>";
		};
		911CC2062CEA8F5F001E195B /* lets-budget-it-testing-branchTests */ = {
			isa = PBXFileSystemSynchronizedRootGroup;
			path = "lets-budget-it-testing-branchTests";
			sourceTree = "<group>";
		};
		911CC2102CEA8F5F001E195B /* lets-budget-it-testing-branchUITests */ = {
			isa = PBXFileSystemSynchronizedRootGroup;
			path = "lets-budget-it-testing-branchUITests";
			sourceTree = "<group>";
		};
/* End PBXFileSystemSynchronizedRootGroup section */

/* Begin PBXFrameworksBuildPhase section */
		911CC1EE2CEA8F5E001E195B /* Frameworks */ = {
			isa = PBXFrameworksBuildPhase;
			buildActionMask = 2147483647;
			files = (
			);
			runOnlyForDeploymentPostprocessing = 0;
		};
		911CC2002CEA8F5F001E195B /* Frameworks */ = {
			isa = PBXFrameworksBuildPhase;
			buildActionMask = 2147483647;
			files = (
			);
			runOnlyForDeploymentPostprocessing = 0;
		};
		911CC20A2CEA8F5F001E195B /* Frameworks */ = {
			isa = PBXFrameworksBuildPhase;
			buildActionMask = 2147483647;
			files = (
			);
			runOnlyForDeploymentPostprocessing = 0;
		};
/* End PBXFrameworksBuildPhase section */

/* Begin PBXGroup section */
		911CC1E82CEA8F5E001E195B = {
			isa = PBXGroup;
			children = (
				911CC1F32CEA8F5E001E195B /* lets-budget-it-testing-branch */,
				911CC2062CEA8F5F001E195B /* lets-budget-it-testing-branchTests */,
				911CC2102CEA8F5F001E195B /* lets-budget-it-testing-branchUITests */,
				911CC1F22CEA8F5E001E195B /* Products */,
			);
			sourceTree = "<group>";
		};
		911CC1F22CEA8F5E001E195B /* Products */ = {
			isa = PBXGroup;
			children = (
				911CC1F12CEA8F5E001E195B /* lets-budget-it-testing-branch.app */,
				911CC2032CEA8F5F001E195B /* lets-budget-it-testing-branchTests.xctest */,
				911CC20D2CEA8F5F001E195B /* lets-budget-it-testing-branchUITests.xctest */,
			);
			name = Products;
			sourceTree = "<group>";
		};
/* End PBXGroup section */

/* Begin PBXNativeTarget section */
		911CC1F02CEA8F5E001E195B /* lets-budget-it-testing-branch */ = {
			isa = PBXNativeTarget;
			buildConfigurationList = 911CC2172CEA8F5F001E195B /* Build configuration list for PBXNativeTarget "lets-budget-it-testing-branch" */;
			buildPhases = (
				911CC1ED2CEA8F5E001E195B /* Sources */,
				911CC1EE2CEA8F5E001E195B /* Frameworks */,
				911CC1EF2CEA8F5E001E195B /* Resources */,
			);
			buildRules = (
			);
			dependencies = (
			);
			fileSystemSynchronizedGroups = (
				911CC1F32CEA8F5E001E195B /* lets-budget-it-testing-branch */,
			);
			name = "lets-budget-it-testing-branch";
			packageProductDependencies = (
			);
			productName = "lets-budget-it-testing-branch";
			productReference = 911CC1F12CEA8F5E001E195B /* lets-budget-it-testing-branch.app */;
			productType = "com.apple.product-type.application";
		};
		911CC2022CEA8F5F001E195B /* lets-budget-it-testing-branchTests */ = {
			isa = PBXNativeTarget;
			buildConfigurationList = 911CC21A2CEA8F5F001E195B /* Build configuration list for PBXNativeTarget "lets-budget-it-testing-branchTests" */;
			buildPhases = (
				911CC1FF2CEA8F5F001E195B /* Sources */,
				911CC2002CEA8F5F001E195B /* Frameworks */,
				911CC2012CEA8F5F001E195B /* Resources */,
			);
			buildRules = (
			);
			dependencies = (
				911CC2052CEA8F5F001E195B /* PBXTargetDependency */,
			);
			fileSystemSynchronizedGroups = (
				911CC2062CEA8F5F001E195B /* lets-budget-it-testing-branchTests */,
			);
			name = "lets-budget-it-testing-branchTests";
			packageProductDependencies = (
			);
			productName = "lets-budget-it-testing-branchTests";
			productReference = 911CC2032CEA8F5F001E195B /* lets-budget-it-testing-branchTests.xctest */;
			productType = "com.apple.product-type.bundle.unit-test";
		};
		911CC20C2CEA8F5F001E195B /* lets-budget-it-testing-branchUITests */ = {
			isa = PBXNativeTarget;
			buildConfigurationList = 911CC21D2CEA8F5F001E195B /* Build configuration list for PBXNativeTarget "lets-budget-it-testing-branchUITests" */;
			buildPhases = (
				911CC2092CEA8F5F001E195B /* Sources */,
				911CC20A2CEA8F5F001E195B /* Frameworks */,
				911CC20B2CEA8F5F001E195B /* Resources */,
			);
			buildRules = (
			);
			dependencies = (
				911CC20F2CEA8F5F001E195B /* PBXTargetDependency */,
			);
			fileSystemSynchronizedGroups = (
				911CC2102CEA8F5F001E195B /* lets-budget-it-testing-branchUITests */,
			);
			name = "lets-budget-it-testing-branchUITests";
			packageProductDependencies = (
			);
			productName = "lets-budget-it-testing-branchUITests";
			productReference = 911CC20D2CEA8F5F001E195B /* lets-budget-it-testing-branchUITests.xctest */;
			productType = "com.apple.product-type.bundle.ui-testing";
		};
/* End PBXNativeTarget section */

/* Begin PBXProject section */
		911CC1E92CEA8F5E001E195B /* Project object */ = {
			isa = PBXProject;
			attributes = {
				BuildIndependentTargetsInParallel = 1;
				LastSwiftUpdateCheck = 1610;
				LastUpgradeCheck = 1610;
				TargetAttributes = {
					911CC1F02CEA8F5E001E195B = {
						CreatedOnToolsVersion = 16.1;
					};
					911CC2022CEA8F5F001E195B = {
						CreatedOnToolsVersion = 16.1;
						TestTargetID = 911CC1F02CEA8F5E001E195B;
					};
					911CC20C2CEA8F5F001E195B = {
						CreatedOnToolsVersion = 16.1;
						TestTargetID = 911CC1F02CEA8F5E001E195B;
					};
				};
			};
			buildConfigurationList = 911CC1EC2CEA8F5E001E195B /* Build configuration list for PBXProject "lets-budget-it-testing-branch" */;
			developmentRegion = en;
			hasScannedForEncodings = 0;
			knownRegions = (
				en,
				Base,
			);
			mainGroup = 911CC1E82CEA8F5E001E195B;
			minimizedProjectReferenceProxies = 1;
			preferredProjectObjectVersion = 77;
			productRefGroup = 911CC1F22CEA8F5E001E195B /* Products */;
			projectDirPath = "";
			projectRoot = "";
			targets = (
				911CC1F02CEA8F5E001E195B /* lets-budget-it-testing-branch */,
				911CC2022CEA8F5F001E195B /* lets-budget-it-testing-branchTests */,
				911CC20C2CEA8F5F001E195B /* lets-budget-it-testing-branchUITests */,
			);
		};
/* End PBXProject section */

/* Begin PBXResourcesBuildPhase section */
		911CC1EF2CEA8F5E001E195B /* Resources */ = {
			isa = PBXResourcesBuildPhase;
			buildActionMask = 2147483647;
			files = (
			);
			runOnlyForDeploymentPostprocessing = 0;
		};
		911CC2012CEA8F5F001E195B /* Resources */ = {
			isa = PBXResourcesBuildPhase;
			buildActionMask = 2147483647;
			files = (
			);
			runOnlyForDeploymentPostprocessing = 0;
		};
		911CC20B2CEA8F5F001E195B /* Resources */ = {
			isa = PBXResourcesBuildPhase;
			buildActionMask = 2147483647;
			files = (
			);
			runOnlyForDeploymentPostprocessing = 0;
		};
/* End PBXResourcesBuildPhase section */

/* Begin PBXSourcesBuildPhase section */
		911CC1ED2CEA8F5E001E195B /* Sources */ = {
			isa = PBXSourcesBuildPhase;
			buildActionMask = 2147483647;
			files = (
			);
			runOnlyForDeploymentPostprocessing = 0;
		};
		911CC1FF2CEA8F5F001E195B /* Sources */ = {
			isa = PBXSourcesBuildPhase;
			buildActionMask = 2147483647;
			files = (
			);
			runOnlyForDeploymentPostprocessing = 0;
		};
		911CC2092CEA8F5F001E195B /* Sources */ = {
			isa = PBXSourcesBuildPhase;
			buildActionMask = 2147483647;
			files = (
			);
			runOnlyForDeploymentPostprocessing = 0;
		};
/* End PBXSourcesBuildPhase section */

/* Begin PBXTargetDependency section */
		911CC2052CEA8F5F001E195B /* PBXTargetDependency */ = {
			isa = PBXTargetDependency;
			target = 911CC1F02CEA8F5E001E195B /* lets-budget-it-testing-branch */;
			targetProxy = 911CC2042CEA8F5F001E195B /* PBXContainerItemProxy */;
		};
		911CC20F2CEA8F5F001E195B /* PBXTargetDependency */ = {
			isa = PBXTargetDependency;
			target = 911CC1F02CEA8F5E001E195B /* lets-budget-it-testing-branch */;
			targetProxy = 911CC20E2CEA8F5F001E195B /* PBXContainerItemProxy */;
		};
/* End PBXTargetDependency section */

/* Begin XCBuildConfiguration section */
		911CC2152CEA8F5F001E195B /* Debug */ = {
			isa = XCBuildConfiguration;
			buildSettings = {
				ALWAYS_SEARCH_USER_PATHS = NO;
				ASSETCATALOG_COMPILER_GENERATE_SWIFT_ASSET_SYMBOL_EXTENSIONS = YES;
				CLANG_ANALYZER_NONNULL = YES;
				CLANG_ANALYZER_NUMBER_OBJECT_CONVERSION = YES_AGGRESSIVE;
				CLANG_CXX_LANGUAGE_STANDARD = "gnu++20";
				CLANG_ENABLE_MODULES = YES;
				CLANG_ENABLE_OBJC_ARC = YES;
				CLANG_ENABLE_OBJC_WEAK = YES;
				CLANG_WARN_BLOCK_CAPTURE_AUTORELEASING = YES;
				CLANG_WARN_BOOL_CONVERSION = YES;
				CLANG_WARN_COMMA = YES;
				CLANG_WARN_CONSTANT_CONVERSION = YES;
				CLANG_WARN_DEPRECATED_OBJC_IMPLEMENTATIONS = YES;
				CLANG_WARN_DIRECT_OBJC_ISA_USAGE = YES_ERROR;
				CLANG_WARN_DOCUMENTATION_COMMENTS = YES;
				CLANG_WARN_EMPTY_BODY = YES;
				CLANG_WARN_ENUM_CONVERSION = YES;
				CLANG_WARN_INFINITE_RECURSION = YES;
				CLANG_WARN_INT_CONVERSION = YES;
				CLANG_WARN_NON_LITERAL_NULL_CONVERSION = YES;
				CLANG_WARN_OBJC_IMPLICIT_RETAIN_SELF = YES;
				CLANG_WARN_OBJC_LITERAL_CONVERSION = YES;
				CLANG_WARN_OBJC_ROOT_CLASS = YES_ERROR;
				CLANG_WARN_QUOTED_INCLUDE_IN_FRAMEWORK_HEADER = YES;
				CLANG_WARN_RANGE_LOOP_ANALYSIS = YES;
				CLANG_WARN_STRICT_PROTOTYPES = YES;
				CLANG_WARN_SUSPICIOUS_MOVE = YES;
				CLANG_WARN_UNGUARDED_AVAILABILITY = YES_AGGRESSIVE;
				CLANG_WARN_UNREACHABLE_CODE = YES;
				CLANG_WARN__DUPLICATE_METHOD_MATCH = YES;
				COPY_PHASE_STRIP = NO;
				DEBUG_INFORMATION_FORMAT = dwarf;
				ENABLE_STRICT_OBJC_MSGSEND = YES;
				ENABLE_TESTABILITY = YES;
				ENABLE_USER_SCRIPT_SANDBOXING = YES;
				GCC_C_LANGUAGE_STANDARD = gnu17;
				GCC_DYNAMIC_NO_PIC = NO;
				GCC_NO_COMMON_BLOCKS = YES;
				GCC_OPTIMIZATION_LEVEL = 0;
				GCC_PREPROCESSOR_DEFINITIONS = (
					"DEBUG=1",
					"$(inherited)",
				);
				GCC_WARN_64_TO_32_BIT_CONVERSION = YES;
				GCC_WARN_ABOUT_RETURN_TYPE = YES_ERROR;
				GCC_WARN_UNDECLARED_SELECTOR = YES;
				GCC_WARN_UNINITIALIZED_AUTOS = YES_AGGRESSIVE;
				GCC_WARN_UNUSED_FUNCTION = YES;
				GCC_WARN_UNUSED_VARIABLE = YES;
				IPHONEOS_DEPLOYMENT_TARGET = 18.1;
				LOCALIZATION_PREFERS_STRING_CATALOGS = YES;
				MTL_ENABLE_DEBUG_INFO = INCLUDE_SOURCE;
				MTL_FAST_MATH = YES;
				ONLY_ACTIVE_ARCH = YES;
				SDKROOT = iphoneos;
				SWIFT_ACTIVE_COMPILATION_CONDITIONS = "DEBUG $(inherited)";
				SWIFT_OPTIMIZATION_LEVEL = "-Onone";
			};
			name = Debug;
		};
		911CC2162CEA8F5F001E195B /* Release */ = {
			isa = XCBuildConfiguration;
			buildSettings = {
				ALWAYS_SEARCH_USER_PATHS = NO;
				ASSETCATALOG_COMPILER_GENERATE_SWIFT_ASSET_SYMBOL_EXTENSIONS = YES;
				CLANG_ANALYZER_NONNULL = YES;
				CLANG_ANALYZER_NUMBER_OBJECT_CONVERSION = YES_AGGRESSIVE;
				CLANG_CXX_LANGUAGE_STANDARD = "gnu++20";
				CLANG_ENABLE_MODULES = YES;
				CLANG_ENABLE_OBJC_ARC = YES;
				CLANG_ENABLE_OBJC_WEAK = YES;
				CLANG_WARN_BLOCK_CAPTURE_AUTORELEASING = YES;
				CLANG_WARN_BOOL_CONVERSION = YES;
				CLANG_WARN_COMMA = YES;
				CLANG_WARN_CONSTANT_CONVERSION = YES;
				CLANG_WARN_DEPRECATED_OBJC_IMPLEMENTATIONS = YES;
				CLANG_WARN_DIRECT_OBJC_ISA_USAGE = YES_ERROR;
				CLANG_WARN_DOCUMENTATION_COMMENTS = YES;
				CLANG_WARN_EMPTY_BODY = YES;
				CLANG_WARN_ENUM_CONVERSION = YES;
				CLANG_WARN_INFINITE_RECURSION = YES;
				CLANG_WARN_INT_CONVERSION = YES;
				CLANG_WARN_NON_LITERAL_NULL_CONVERSION = YES;
				CLANG_WARN_OBJC_IMPLICIT_RETAIN_SELF = YES;
				CLANG_WARN_OBJC_LITERAL_CONVERSION = YES;
				CLANG_WARN_OBJC_ROOT_CLASS = YES_ERROR;
				CLANG_WARN_QUOTED_INCLUDE_IN_FRAMEWORK_HEADER = YES;
				CLANG_WARN_RANGE_LOOP_ANALYSIS = YES;
				CLANG_WARN_STRICT_PROTOTYPES = YES;
				CLANG_WARN_SUSPICIOUS_MOVE = YES;
				CLANG_WARN_UNGUARDED_AVAILABILITY = YES_AGGRESSIVE;
				CLANG_WARN_UNREACHABLE_CODE = YES;
				CLANG_WARN__DUPLICATE_METHOD_MATCH = YES;
				COPY_PHASE_STRIP = NO;
				DEBUG_INFORMATION_FORMAT = "dwarf-with-dsym";
				ENABLE_NS_ASSERTIONS = NO;
				ENABLE_STRICT_OBJC_MSGSEND = YES;
				ENABLE_USER_SCRIPT_SANDBOXING = YES;
				GCC_C_LANGUAGE_STANDARD = gnu17;
				GCC_NO_COMMON_BLOCKS = YES;
				GCC_WARN_64_TO_32_BIT_CONVERSION = YES;
				GCC_WARN_ABOUT_RETURN_TYPE = YES_ERROR;
				GCC_WARN_UNDECLARED_SELECTOR = YES;
				GCC_WARN_UNINITIALIZED_AUTOS = YES_AGGRESSIVE;
				GCC_WARN_UNUSED_FUNCTION = YES;
				GCC_WARN_UNUSED_VARIABLE = YES;
				IPHONEOS_DEPLOYMENT_TARGET = 18.1;
				LOCALIZATION_PREFERS_STRING_CATALOGS = YES;
				MTL_ENABLE_DEBUG_INFO = NO;
				MTL_FAST_MATH = YES;
				SDKROOT = iphoneos;
				SWIFT_COMPILATION_MODE = wholemodule;
				VALIDATE_PRODUCT = YES;
			};
			name = Release;
		};
		911CC2182CEA8F5F001E195B /* Debug */ = {
			isa = XCBuildConfiguration;
			buildSettings = {
				ASSETCATALOG_COMPILER_APPICON_NAME = AppIcon;
				ASSETCATALOG_COMPILER_GLOBAL_ACCENT_COLOR_NAME = AccentColor;
				CODE_SIGN_STYLE = Automatic;
				CURRENT_PROJECT_VERSION = 1;
				DEVELOPMENT_ASSET_PATHS = "\"lets-budget-it-testing-branch/Preview Content\"";
				DEVELOPMENT_TEAM = KRPLV38NW5;
				ENABLE_PREVIEWS = YES;
				GENERATE_INFOPLIST_FILE = YES;
				INFOPLIST_KEY_UIApplicationSceneManifest_Generation = YES;
				INFOPLIST_KEY_UIApplicationSupportsIndirectInputEvents = YES;
				INFOPLIST_KEY_UILaunchScreen_Generation = YES;
				INFOPLIST_KEY_UISupportedInterfaceOrientations_iPad = "UIInterfaceOrientationPortrait UIInterfaceOrientationPortraitUpsideDown UIInterfaceOrientationLandscapeLeft UIInterfaceOrientationLandscapeRight";
				INFOPLIST_KEY_UISupportedInterfaceOrientations_iPhone = "UIInterfaceOrientationPortrait UIInterfaceOrientationLandscapeLeft UIInterfaceOrientationLandscapeRight";
				LD_RUNPATH_SEARCH_PATHS = (
					"$(inherited)",
					"@executable_path/Frameworks",
				);
				MARKETING_VERSION = 1.0;
				PRODUCT_BUNDLE_IDENTIFIER = "lbi-cbs.lets-budget-it-testing-branch";
				PRODUCT_NAME = "$(TARGET_NAME)";
				SWIFT_EMIT_LOC_STRINGS = YES;
				SWIFT_VERSION = 5.0;
				TARGETED_DEVICE_FAMILY = "1,2";
			};
			name = Debug;
		};
		911CC2192CEA8F5F001E195B /* Release */ = {
			isa = XCBuildConfiguration;
			buildSettings = {
				ASSETCATALOG_COMPILER_APPICON_NAME = AppIcon;
				ASSETCATALOG_COMPILER_GLOBAL_ACCENT_COLOR_NAME = AccentColor;
				CODE_SIGN_STYLE = Automatic;
				CURRENT_PROJECT_VERSION = 1;
				DEVELOPMENT_ASSET_PATHS = "\"lets-budget-it-testing-branch/Preview Content\"";
				DEVELOPMENT_TEAM = KRPLV38NW5;
				ENABLE_PREVIEWS = YES;
				GENERATE_INFOPLIST_FILE = YES;
				INFOPLIST_KEY_UIApplicationSceneManifest_Generation = YES;
				INFOPLIST_KEY_UIApplicationSupportsIndirectInputEvents = YES;
				INFOPLIST_KEY_UILaunchScreen_Generation = YES;
				INFOPLIST_KEY_UISupportedInterfaceOrientations_iPad = "UIInterfaceOrientationPortrait UIInterfaceOrientationPortraitUpsideDown UIInterfaceOrientationLandscapeLeft UIInterfaceOrientationLandscapeRight";
				INFOPLIST_KEY_UISupportedInterfaceOrientations_iPhone = "UIInterfaceOrientationPortrait UIInterfaceOrientationLandscapeLeft UIInterfaceOrientationLandscapeRight";
				LD_RUNPATH_SEARCH_PATHS = (
					"$(inherited)",
					"@executable_path/Frameworks",
				);
				MARKETING_VERSION = 1.0;
				PRODUCT_BUNDLE_IDENTIFIER = "lbi-cbs.lets-budget-it-testing-branch";
				PRODUCT_NAME = "$(TARGET_NAME)";
				SWIFT_EMIT_LOC_STRINGS = YES;
				SWIFT_VERSION = 5.0;
				TARGETED_DEVICE_FAMILY = "1,2";
			};
			name = Release;
		};
		911CC21B2CEA8F5F001E195B /* Debug */ = {
			isa = XCBuildConfiguration;
			buildSettings = {
				BUNDLE_LOADER = "$(TEST_HOST)";
				CODE_SIGN_STYLE = Automatic;
				CURRENT_PROJECT_VERSION = 1;
				DEVELOPMENT_TEAM = KRPLV38NW5;
				GENERATE_INFOPLIST_FILE = YES;
				IPHONEOS_DEPLOYMENT_TARGET = 18.1;
				MARKETING_VERSION = 1.0;
				PRODUCT_BUNDLE_IDENTIFIER = "lbi-cbs.lets-budget-it-testing-branchTests";
				PRODUCT_NAME = "$(TARGET_NAME)";
				SWIFT_EMIT_LOC_STRINGS = NO;
				SWIFT_VERSION = 5.0;
				TARGETED_DEVICE_FAMILY = "1,2";
				TEST_HOST = "$(BUILT_PRODUCTS_DIR)/lets-budget-it-testing-branch.app/$(BUNDLE_EXECUTABLE_FOLDER_PATH)/lets-budget-it-testing-branch";
			};
			name = Debug;
		};
		911CC21C2CEA8F5F001E195B /* Release */ = {
			isa = XCBuildConfiguration;
			buildSettings = {
				BUNDLE_LOADER = "$(TEST_HOST)";
				CODE_SIGN_STYLE = Automatic;
				CURRENT_PROJECT_VERSION = 1;
				DEVELOPMENT_TEAM = KRPLV38NW5;
				GENERATE_INFOPLIST_FILE = YES;
				IPHONEOS_DEPLOYMENT_TARGET = 18.1;
				MARKETING_VERSION = 1.0;
				PRODUCT_BUNDLE_IDENTIFIER = "lbi-cbs.lets-budget-it-testing-branchTests";
				PRODUCT_NAME = "$(TARGET_NAME)";
				SWIFT_EMIT_LOC_STRINGS = NO;
				SWIFT_VERSION = 5.0;
				TARGETED_DEVICE_FAMILY = "1,2";
				TEST_HOST = "$(BUILT_PRODUCTS_DIR)/lets-budget-it-testing-branch.app/$(BUNDLE_EXECUTABLE_FOLDER_PATH)/lets-budget-it-testing-branch";
			};
			name = Release;
		};
		911CC21E2CEA8F5F001E195B /* Debug */ = {
			isa = XCBuildConfiguration;
			buildSettings = {
				CODE_SIGN_STYLE = Automatic;
				CURRENT_PROJECT_VERSION = 1;
				DEVELOPMENT_TEAM = KRPLV38NW5;
				GENERATE_INFOPLIST_FILE = YES;
				MARKETING_VERSION = 1.0;
				PRODUCT_BUNDLE_IDENTIFIER = "lbi-cbs.lets-budget-it-testing-branchUITests";
				PRODUCT_NAME = "$(TARGET_NAME)";
				SWIFT_EMIT_LOC_STRINGS = NO;
				SWIFT_VERSION = 5.0;
				TARGETED_DEVICE_FAMILY = "1,2";
				TEST_TARGET_NAME = "lets-budget-it-testing-branch";
			};
			name = Debug;
		};
		911CC21F2CEA8F5F001E195B /* Release */ = {
			isa = XCBuildConfiguration;
			buildSettings = {
				CODE_SIGN_STYLE = Automatic;
				CURRENT_PROJECT_VERSION = 1;
				DEVELOPMENT_TEAM = KRPLV38NW5;
				GENERATE_INFOPLIST_FILE = YES;
				MARKETING_VERSION = 1.0;
				PRODUCT_BUNDLE_IDENTIFIER = "lbi-cbs.lets-budget-it-testing-branchUITests";
				PRODUCT_NAME = "$(TARGET_NAME)";
				SWIFT_EMIT_LOC_STRINGS = NO;
				SWIFT_VERSION = 5.0;
				TARGETED_DEVICE_FAMILY = "1,2";
				TEST_TARGET_NAME = "lets-budget-it-testing-branch";
			};
			name = Release;
		};
/* End XCBuildConfiguration section */

/* Begin XCConfigurationList section */
		911CC1EC2CEA8F5E001E195B /* Build configuration list for PBXProject "lets-budget-it-testing-branch" */ = {
			isa = XCConfigurationList;
			buildConfigurations = (
				911CC2152CEA8F5F001E195B /* Debug */,
				911CC2162CEA8F5F001E195B /* Release */,
			);
			defaultConfigurationIsVisible = 0;
			defaultConfigurationName = Release;
		};
		911CC2172CEA8F5F001E195B /* Build configuration list for PBXNativeTarget "lets-budget-it-testing-branch" */ = {
			isa = XCConfigurationList;
			buildConfigurations = (
				911CC2182CEA8F5F001E195B /* Debug */,
				911CC2192CEA8F5F001E195B /* Release */,
			);
			defaultConfigurationIsVisible = 0;
			defaultConfigurationName = Release;
		};
		911CC21A2CEA8F5F001E195B /* Build configuration list for PBXNativeTarget "lets-budget-it-testing-branchTests" */ = {
			isa = XCConfigurationList;
			buildConfigurations = (
				911CC21B2CEA8F5F001E195B /* Debug */,
				911CC21C2CEA8F5F001E195B /* Release */,
			);
			defaultConfigurationIsVisible = 0;
			defaultConfigurationName = Release;
		};
		911CC21D2CEA8F5F001E195B /* Build configuration list for PBXNativeTarget "lets-budget-it-testing-branchUITests" */ = {
			isa = XCConfigurationList;
			buildConfigurations = (
				911CC21E2CEA8F5F001E195B /* Debug */,
				911CC21F2CEA8F5F001E195B /* Release */,
			);
			defaultConfigurationIsVisible = 0;
			defaultConfigurationName = Release;
		};
/* End XCConfigurationList section */
	};
	rootObject = 911CC1E92CEA8F5E001E195B /* Project object */;
}
